// !$*UTF8*$!
{
	archiveVersion = 1;
	classes = {
	};
	objectVersion = 55;
	objects = {

/* Begin PBXBuildFile section */
		4704AE45272ADB820092A034 /* Mute It.app in Embed Watch Content */ = {isa = PBXBuildFile; fileRef = 4704AE44272ADB820092A034 /* Mute It.app */; settings = {ATTRIBUTES = (RemoveHeadersOnCopy, ); }; };
		4704AE4B272ADB820092A034 /* Interface.storyboard in Resources */ = {isa = PBXBuildFile; fileRef = 4704AE49272ADB820092A034 /* Interface.storyboard */; };
		4704AE4D272ADB820092A034 /* Assets.xcassets in Resources */ = {isa = PBXBuildFile; fileRef = 4704AE4C272ADB820092A034 /* Assets.xcassets */; };
		4704AE53272ADB820092A034 /* Mute It WatchKit Extension.appex in Embed App Extensions */ = {isa = PBXBuildFile; fileRef = 4704AE52272ADB820092A034 /* Mute It WatchKit Extension.appex */; settings = {ATTRIBUTES = (RemoveHeadersOnCopy, ); }; };
		4704AE58272ADB820092A034 /* InterfaceController.swift in Sources */ = {isa = PBXBuildFile; fileRef = 4704AE57272ADB820092A034 /* InterfaceController.swift */; };
		4704AE5A272ADB820092A034 /* ExtensionDelegate.swift in Sources */ = {isa = PBXBuildFile; fileRef = 4704AE59272ADB820092A034 /* ExtensionDelegate.swift */; };
		4704AE5C272ADB820092A034 /* ComplicationController.swift in Sources */ = {isa = PBXBuildFile; fileRef = 4704AE5B272ADB820092A034 /* ComplicationController.swift */; };
		4704AE5E272ADB830092A034 /* Assets.xcassets in Resources */ = {isa = PBXBuildFile; fileRef = 4704AE5D272ADB830092A034 /* Assets.xcassets */; };
		47826123272AF39E00FFB408 /* waterSound.mp3 in Resources */ = {isa = PBXBuildFile; fileRef = 47826122272AF39E00FFB408 /* waterSound.mp3 */; };
/* End PBXBuildFile section */

/* Begin PBXContainerItemProxy section */
		4704AE46272ADB820092A034 /* PBXContainerItemProxy */ = {
			isa = PBXContainerItemProxy;
			containerPortal = 4704AE3A272ADB820092A034 /* Project object */;
			proxyType = 1;
			remoteGlobalIDString = 4704AE43272ADB820092A034;
			remoteInfo = "Mute It WatchKit App";
		};
		4704AE54272ADB820092A034 /* PBXContainerItemProxy */ = {
			isa = PBXContainerItemProxy;
			containerPortal = 4704AE3A272ADB820092A034 /* Project object */;
			proxyType = 1;
			remoteGlobalIDString = 4704AE51272ADB820092A034;
			remoteInfo = "Mute It WatchKit Extension";
		};
/* End PBXContainerItemProxy section */

/* Begin PBXCopyFilesBuildPhase section */
		4704AE65272ADB830092A034 /* Embed App Extensions */ = {
			isa = PBXCopyFilesBuildPhase;
			buildActionMask = 2147483647;
			dstPath = "";
			dstSubfolderSpec = 13;
			files = (
				4704AE53272ADB820092A034 /* Mute It WatchKit Extension.appex in Embed App Extensions */,
			);
			name = "Embed App Extensions";
			runOnlyForDeploymentPostprocessing = 0;
		};
		4704AE69272ADB830092A034 /* Embed Watch Content */ = {
			isa = PBXCopyFilesBuildPhase;
			buildActionMask = 2147483647;
			dstPath = "$(CONTENTS_FOLDER_PATH)/Watch";
			dstSubfolderSpec = 16;
			files = (
				4704AE45272ADB820092A034 /* Mute It.app in Embed Watch Content */,
			);
			name = "Embed Watch Content";
			runOnlyForDeploymentPostprocessing = 0;
		};
/* End PBXCopyFilesBuildPhase section */

/* Begin PBXFileReference section */
		4704AE40272ADB820092A034 /* Mute It.app */ = {isa = PBXFileReference; explicitFileType = wrapper.application; includeInIndex = 0; path = "Mute It.app"; sourceTree = BUILT_PRODUCTS_DIR; };
		4704AE44272ADB820092A034 /* Mute It.app */ = {isa = PBXFileReference; explicitFileType = wrapper.application; includeInIndex = 0; path = "Mute It.app"; sourceTree = BUILT_PRODUCTS_DIR; };
		4704AE4A272ADB820092A034 /* Base */ = {isa = PBXFileReference; lastKnownFileType = file.storyboard; name = Base; path = Base.lproj/Interface.storyboard; sourceTree = "<group>"; };
		4704AE4C272ADB820092A034 /* Assets.xcassets */ = {isa = PBXFileReference; lastKnownFileType = folder.assetcatalog; path = Assets.xcassets; sourceTree = "<group>"; };
		4704AE52272ADB820092A034 /* Mute It WatchKit Extension.appex */ = {isa = PBXFileReference; explicitFileType = "wrapper.app-extension"; includeInIndex = 0; path = "Mute It WatchKit Extension.appex"; sourceTree = BUILT_PRODUCTS_DIR; };
		4704AE57272ADB820092A034 /* InterfaceController.swift */ = {isa = PBXFileReference; lastKnownFileType = sourcecode.swift; path = InterfaceController.swift; sourceTree = "<group>"; };
		4704AE59272ADB820092A034 /* ExtensionDelegate.swift */ = {isa = PBXFileReference; lastKnownFileType = sourcecode.swift; path = ExtensionDelegate.swift; sourceTree = "<group>"; };
		4704AE5B272ADB820092A034 /* ComplicationController.swift */ = {isa = PBXFileReference; lastKnownFileType = sourcecode.swift; path = ComplicationController.swift; sourceTree = "<group>"; };
		4704AE5D272ADB830092A034 /* Assets.xcassets */ = {isa = PBXFileReference; lastKnownFileType = folder.assetcatalog; path = Assets.xcassets; sourceTree = "<group>"; };
		4704AE5F272ADB830092A034 /* Info.plist */ = {isa = PBXFileReference; lastKnownFileType = text.plist.xml; path = Info.plist; sourceTree = "<group>"; };
		47826122272AF39E00FFB408 /* waterSound.mp3 */ = {isa = PBXFileReference; lastKnownFileType = audio.mp3; path = waterSound.mp3; sourceTree = "<group>"; };
/* End PBXFileReference section */

/* Begin PBXFrameworksBuildPhase section */
		4704AE4F272ADB820092A034 /* Frameworks */ = {
			isa = PBXFrameworksBuildPhase;
			buildActionMask = 2147483647;
			files = (
			);
			runOnlyForDeploymentPostprocessing = 0;
		};
/* End PBXFrameworksBuildPhase section */

/* Begin PBXGroup section */
		4704AE39272ADB820092A034 = {
			isa = PBXGroup;
			children = (
				4704AE48272ADB820092A034 /* Mute It WatchKit App */,
				4704AE56272ADB820092A034 /* Mute It WatchKit Extension */,
				4704AE41272ADB820092A034 /* Products */,
			);
			sourceTree = "<group>";
		};
		4704AE41272ADB820092A034 /* Products */ = {
			isa = PBXGroup;
			children = (
				4704AE40272ADB820092A034 /* Mute It.app */,
				4704AE44272ADB820092A034 /* Mute It.app */,
				4704AE52272ADB820092A034 /* Mute It WatchKit Extension.appex */,
			);
			name = Products;
			sourceTree = "<group>";
		};
		4704AE48272ADB820092A034 /* Mute It WatchKit App */ = {
			isa = PBXGroup;
			children = (
				4704AE49272ADB820092A034 /* Interface.storyboard */,
				4704AE4C272ADB820092A034 /* Assets.xcassets */,
			);
			path = "Mute It WatchKit App";
			sourceTree = "<group>";
		};
		4704AE56272ADB820092A034 /* Mute It WatchKit Extension */ = {
			isa = PBXGroup;
			children = (
				4704AE57272ADB820092A034 /* InterfaceController.swift */,
				4704AE59272ADB820092A034 /* ExtensionDelegate.swift */,
				4704AE5B272ADB820092A034 /* ComplicationController.swift */,
				4704AE5D272ADB830092A034 /* Assets.xcassets */,
				4704AE5F272ADB830092A034 /* Info.plist */,
				47826122272AF39E00FFB408 /* waterSound.mp3 */,
			);
			path = "Mute It WatchKit Extension";
			sourceTree = "<group>";
		};
/* End PBXGroup section */

/* Begin PBXNativeTarget section */
		4704AE3F272ADB820092A034 /* Mute It */ = {
			isa = PBXNativeTarget;
			buildConfigurationList = 4704AE6A272ADB830092A034 /* Build configuration list for PBXNativeTarget "Mute It" */;
			buildPhases = (
				4704AE3E272ADB820092A034 /* Resources */,
				4704AE69272ADB830092A034 /* Embed Watch Content */,
			);
			buildRules = (
			);
			dependencies = (
				4704AE47272ADB820092A034 /* PBXTargetDependency */,
			);
			name = "Mute It";
			productName = "Mute It";
			productReference = 4704AE40272ADB820092A034 /* Mute It.app */;
			productType = "com.apple.product-type.application.watchapp2-container";
		};
		4704AE43272ADB820092A034 /* Mute It WatchKit App */ = {
			isa = PBXNativeTarget;
			buildConfigurationList = 4704AE66272ADB830092A034 /* Build configuration list for PBXNativeTarget "Mute It WatchKit App" */;
			buildPhases = (
				4704AE42272ADB820092A034 /* Resources */,
				4704AE65272ADB830092A034 /* Embed App Extensions */,
			);
			buildRules = (
			);
			dependencies = (
				4704AE55272ADB820092A034 /* PBXTargetDependency */,
			);
			name = "Mute It WatchKit App";
			productName = "Mute It WatchKit App";
			productReference = 4704AE44272ADB820092A034 /* Mute It.app */;
			productType = "com.apple.product-type.application.watchapp2";
		};
		4704AE51272ADB820092A034 /* Mute It WatchKit Extension */ = {
			isa = PBXNativeTarget;
			buildConfigurationList = 4704AE62272ADB830092A034 /* Build configuration list for PBXNativeTarget "Mute It WatchKit Extension" */;
			buildPhases = (
				4704AE4E272ADB820092A034 /* Sources */,
				4704AE4F272ADB820092A034 /* Frameworks */,
				4704AE50272ADB820092A034 /* Resources */,
			);
			buildRules = (
			);
			dependencies = (
			);
			name = "Mute It WatchKit Extension";
			productName = "Mute It WatchKit Extension";
			productReference = 4704AE52272ADB820092A034 /* Mute It WatchKit Extension.appex */;
			productType = "com.apple.product-type.watchkit2-extension";
		};
/* End PBXNativeTarget section */

/* Begin PBXProject section */
		4704AE3A272ADB820092A034 /* Project object */ = {
			isa = PBXProject;
			attributes = {
				BuildIndependentTargetsInParallel = 1;
				LastSwiftUpdateCheck = 1310;
				LastUpgradeCheck = 1310;
				TargetAttributes = {
					4704AE3F272ADB820092A034 = {
						CreatedOnToolsVersion = 13.1;
					};
					4704AE43272ADB820092A034 = {
						CreatedOnToolsVersion = 13.1;
					};
					4704AE51272ADB820092A034 = {
						CreatedOnToolsVersion = 13.1;
					};
				};
			};
			buildConfigurationList = 4704AE3D272ADB820092A034 /* Build configuration list for PBXProject "Mute It" */;
			compatibilityVersion = "Xcode 13.0";
			developmentRegion = en;
			hasScannedForEncodings = 0;
			knownRegions = (
				en,
				Base,
			);
			mainGroup = 4704AE39272ADB820092A034;
			productRefGroup = 4704AE41272ADB820092A034 /* Products */;
			projectDirPath = "";
			projectRoot = "";
			targets = (
				4704AE3F272ADB820092A034 /* Mute It */,
				4704AE43272ADB820092A034 /* Mute It WatchKit App */,
				4704AE51272ADB820092A034 /* Mute It WatchKit Extension */,
			);
		};
/* End PBXProject section */

/* Begin PBXResourcesBuildPhase section */
		4704AE3E272ADB820092A034 /* Resources */ = {
			isa = PBXResourcesBuildPhase;
			buildActionMask = 2147483647;
			files = (
			);
			runOnlyForDeploymentPostprocessing = 0;
		};
		4704AE42272ADB820092A034 /* Resources */ = {
			isa = PBXResourcesBuildPhase;
			buildActionMask = 2147483647;
			files = (
				4704AE4D272ADB820092A034 /* Assets.xcassets in Resources */,
				4704AE4B272ADB820092A034 /* Interface.storyboard in Resources */,
			);
			runOnlyForDeploymentPostprocessing = 0;
		};
		4704AE50272ADB820092A034 /* Resources */ = {
			isa = PBXResourcesBuildPhase;
			buildActionMask = 2147483647;
			files = (
				47826123272AF39E00FFB408 /* waterSound.mp3 in Resources */,
				4704AE5E272ADB830092A034 /* Assets.xcassets in Resources */,
			);
			runOnlyForDeploymentPostprocessing = 0;
		};
/* End PBXResourcesBuildPhase section */

/* Begin PBXSourcesBuildPhase section */
		4704AE4E272ADB820092A034 /* Sources */ = {
			isa = PBXSourcesBuildPhase;
			buildActionMask = 2147483647;
			files = (
				4704AE5A272ADB820092A034 /* ExtensionDelegate.swift in Sources */,
				4704AE58272ADB820092A034 /* InterfaceController.swift in Sources */,
				4704AE5C272ADB820092A034 /* ComplicationController.swift in Sources */,
			);
			runOnlyForDeploymentPostprocessing = 0;
		};
/* End PBXSourcesBuildPhase section */

/* Begin PBXTargetDependency section */
		4704AE47272ADB820092A034 /* PBXTargetDependency */ = {
			isa = PBXTargetDependency;
			target = 4704AE43272ADB820092A034 /* Mute It WatchKit App */;
			targetProxy = 4704AE46272ADB820092A034 /* PBXContainerItemProxy */;
		};
		4704AE55272ADB820092A034 /* PBXTargetDependency */ = {
			isa = PBXTargetDependency;
			target = 4704AE51272ADB820092A034 /* Mute It WatchKit Extension */;
			targetProxy = 4704AE54272ADB820092A034 /* PBXContainerItemProxy */;
		};
/* End PBXTargetDependency section */

/* Begin PBXVariantGroup section */
		4704AE49272ADB820092A034 /* Interface.storyboard */ = {
			isa = PBXVariantGroup;
			children = (
				4704AE4A272ADB820092A034 /* Base */,
			);
			name = Interface.storyboard;
			sourceTree = "<group>";
		};
/* End PBXVariantGroup section */

/* Begin XCBuildConfiguration section */
		4704AE60272ADB830092A034 /* Debug */ = {
			isa = XCBuildConfiguration;
			buildSettings = {
				ALWAYS_SEARCH_USER_PATHS = NO;
				CLANG_ANALYZER_NONNULL = YES;
				CLANG_ANALYZER_NUMBER_OBJECT_CONVERSION = YES_AGGRESSIVE;
				CLANG_CXX_LANGUAGE_STANDARD = "gnu++17";
				CLANG_CXX_LIBRARY = "libc++";
				CLANG_ENABLE_MODULES = YES;
				CLANG_ENABLE_OBJC_ARC = YES;
				CLANG_ENABLE_OBJC_WEAK = YES;
				CLANG_WARN_BLOCK_CAPTURE_AUTORELEASING = YES;
				CLANG_WARN_BOOL_CONVERSION = YES;
				CLANG_WARN_COMMA = YES;
				CLANG_WARN_CONSTANT_CONVERSION = YES;
				CLANG_WARN_DEPRECATED_OBJC_IMPLEMENTATIONS = YES;
				CLANG_WARN_DIRECT_OBJC_ISA_USAGE = YES_ERROR;
				CLANG_WARN_DOCUMENTATION_COMMENTS = YES;
				CLANG_WARN_EMPTY_BODY = YES;
				CLANG_WARN_ENUM_CONVERSION = YES;
				CLANG_WARN_INFINITE_RECURSION = YES;
				CLANG_WARN_INT_CONVERSION = YES;
				CLANG_WARN_NON_LITERAL_NULL_CONVERSION = YES;
				CLANG_WARN_OBJC_IMPLICIT_RETAIN_SELF = YES;
				CLANG_WARN_OBJC_LITERAL_CONVERSION = YES;
				CLANG_WARN_OBJC_ROOT_CLASS = YES_ERROR;
				CLANG_WARN_QUOTED_INCLUDE_IN_FRAMEWORK_HEADER = YES;
				CLANG_WARN_RANGE_LOOP_ANALYSIS = YES;
				CLANG_WARN_STRICT_PROTOTYPES = YES;
				CLANG_WARN_SUSPICIOUS_MOVE = YES;
				CLANG_WARN_UNGUARDED_AVAILABILITY = YES_AGGRESSIVE;
				CLANG_WARN_UNREACHABLE_CODE = YES;
				CLANG_WARN__DUPLICATE_METHOD_MATCH = YES;
				COPY_PHASE_STRIP = NO;
				DEBUG_INFORMATION_FORMAT = dwarf;
				ENABLE_STRICT_OBJC_MSGSEND = YES;
				ENABLE_TESTABILITY = YES;
				GCC_C_LANGUAGE_STANDARD = gnu11;
				GCC_DYNAMIC_NO_PIC = NO;
				GCC_NO_COMMON_BLOCKS = YES;
				GCC_OPTIMIZATION_LEVEL = 0;
				GCC_PREPROCESSOR_DEFINITIONS = (
					"DEBUG=1",
					"$(inherited)",
				);
				GCC_WARN_64_TO_32_BIT_CONVERSION = YES;
				GCC_WARN_ABOUT_RETURN_TYPE = YES_ERROR;
				GCC_WARN_UNDECLARED_SELECTOR = YES;
				GCC_WARN_UNINITIALIZED_AUTOS = YES_AGGRESSIVE;
				GCC_WARN_UNUSED_FUNCTION = YES;
				GCC_WARN_UNUSED_VARIABLE = YES;
				MTL_ENABLE_DEBUG_INFO = INCLUDE_SOURCE;
				MTL_FAST_MATH = YES;
				ONLY_ACTIVE_ARCH = YES;
				SDKROOT = iphoneos;
				SWIFT_ACTIVE_COMPILATION_CONDITIONS = DEBUG;
				SWIFT_OPTIMIZATION_LEVEL = "-Onone";
			};
			name = Debug;
		};
		4704AE61272ADB830092A034 /* Release */ = {
			isa = XCBuildConfiguration;
			buildSettings = {
				ALWAYS_SEARCH_USER_PATHS = NO;
				CLANG_ANALYZER_NONNULL = YES;
				CLANG_ANALYZER_NUMBER_OBJECT_CONVERSION = YES_AGGRESSIVE;
				CLANG_CXX_LANGUAGE_STANDARD = "gnu++17";
				CLANG_CXX_LIBRARY = "libc++";
				CLANG_ENABLE_MODULES = YES;
				CLANG_ENABLE_OBJC_ARC = YES;
				CLANG_ENABLE_OBJC_WEAK = YES;
				CLANG_WARN_BLOCK_CAPTURE_AUTORELEASING = YES;
				CLANG_WARN_BOOL_CONVERSION = YES;
				CLANG_WARN_COMMA = YES;
				CLANG_WARN_CONSTANT_CONVERSION = YES;
				CLANG_WARN_DEPRECATED_OBJC_IMPLEMENTATIONS = YES;
				CLANG_WARN_DIRECT_OBJC_ISA_USAGE = YES_ERROR;
				CLANG_WARN_DOCUMENTATION_COMMENTS = YES;
				CLANG_WARN_EMPTY_BODY = YES;
				CLANG_WARN_ENUM_CONVERSION = YES;
				CLANG_WARN_INFINITE_RECURSION = YES;
				CLANG_WARN_INT_CONVERSION = YES;
				CLANG_WARN_NON_LITERAL_NULL_CONVERSION = YES;
				CLANG_WARN_OBJC_IMPLICIT_RETAIN_SELF = YES;
				CLANG_WARN_OBJC_LITERAL_CONVERSION = YES;
				CLANG_WARN_OBJC_ROOT_CLASS = YES_ERROR;
				CLANG_WARN_QUOTED_INCLUDE_IN_FRAMEWORK_HEADER = YES;
				CLANG_WARN_RANGE_LOOP_ANALYSIS = YES;
				CLANG_WARN_STRICT_PROTOTYPES = YES;
				CLANG_WARN_SUSPICIOUS_MOVE = YES;
				CLANG_WARN_UNGUARDED_AVAILABILITY = YES_AGGRESSIVE;
				CLANG_WARN_UNREACHABLE_CODE = YES;
				CLANG_WARN__DUPLICATE_METHOD_MATCH = YES;
				COPY_PHASE_STRIP = NO;
				DEBUG_INFORMATION_FORMAT = "dwarf-with-dsym";
				ENABLE_NS_ASSERTIONS = NO;
				ENABLE_STRICT_OBJC_MSGSEND = YES;
				GCC_C_LANGUAGE_STANDARD = gnu11;
				GCC_NO_COMMON_BLOCKS = YES;
				GCC_WARN_64_TO_32_BIT_CONVERSION = YES;
				GCC_WARN_ABOUT_RETURN_TYPE = YES_ERROR;
				GCC_WARN_UNDECLARED_SELECTOR = YES;
				GCC_WARN_UNINITIALIZED_AUTOS = YES_AGGRESSIVE;
				GCC_WARN_UNUSED_FUNCTION = YES;
				GCC_WARN_UNUSED_VARIABLE = YES;
				MTL_ENABLE_DEBUG_INFO = NO;
				MTL_FAST_MATH = YES;
				SDKROOT = iphoneos;
				SWIFT_COMPILATION_MODE = wholemodule;
				SWIFT_OPTIMIZATION_LEVEL = "-O";
				VALIDATE_PRODUCT = YES;
			};
			name = Release;
		};
		4704AE63272ADB830092A034 /* Debug */ = {
			isa = XCBuildConfiguration;
			buildSettings = {
				ASSETCATALOG_COMPILER_COMPLICATION_NAME = Complication;
				ASSETCATALOG_COMPILER_INCLUDE_ALL_APPICON_ASSETS = YES;
				CODE_SIGN_STYLE = Automatic;
				CURRENT_PROJECT_VERSION = 1;
				DEVELOPMENT_TEAM = ZNR2D834QB;
				GENERATE_INFOPLIST_FILE = YES;
				INFOPLIST_FILE = "Mute It WatchKit Extension/Info.plist";
				INFOPLIST_KEY_CFBundleDisplayName = "Mute It";
				INFOPLIST_KEY_CLKComplicationPrincipalClass = Mute_It_WatchKit_Extension.ComplicationController;
				INFOPLIST_KEY_NSHumanReadableCopyright = "";
				INFOPLIST_KEY_WKExtensionDelegateClassName = Mute_It_WatchKit_Extension.ExtensionDelegate;
				INFOPLIST_KEY_WKWatchOnly = YES;
				LD_RUNPATH_SEARCH_PATHS = (
					"$(inherited)",
					"@executable_path/Frameworks",
					"@executable_path/../../Frameworks",
				);
				MARKETING_VERSION = 1.0;
				PRODUCT_BUNDLE_IDENTIFIER = "co.almor.Mute-It.watchkitapp.watchkitextension";
				PRODUCT_NAME = "${TARGET_NAME}";
				SDKROOT = watchos;
				SKIP_INSTALL = YES;
				SWIFT_EMIT_LOC_STRINGS = YES;
				SWIFT_VERSION = 5.0;
				TARGETED_DEVICE_FAMILY = 4;
				WATCHOS_DEPLOYMENT_TARGET = 8.0;
			};
			name = Debug;
		};
		4704AE64272ADB830092A034 /* Release */ = {
			isa = XCBuildConfiguration;
			buildSettings = {
				ASSETCATALOG_COMPILER_COMPLICATION_NAME = Complication;
				ASSETCATALOG_COMPILER_INCLUDE_ALL_APPICON_ASSETS = YES;
				CODE_SIGN_STYLE = Automatic;
				CURRENT_PROJECT_VERSION = 1;
				DEVELOPMENT_TEAM = ZNR2D834QB;
				GENERATE_INFOPLIST_FILE = YES;
				INFOPLIST_FILE = "Mute It WatchKit Extension/Info.plist";
				INFOPLIST_KEY_CFBundleDisplayName = "Mute It";
				INFOPLIST_KEY_CLKComplicationPrincipalClass = Mute_It_WatchKit_Extension.ComplicationController;
				INFOPLIST_KEY_NSHumanReadableCopyright = "";
				INFOPLIST_KEY_WKExtensionDelegateClassName = Mute_It_WatchKit_Extension.ExtensionDelegate;
				INFOPLIST_KEY_WKWatchOnly = YES;
				LD_RUNPATH_SEARCH_PATHS = (
					"$(inherited)",
					"@executable_path/Frameworks",
					"@executable_path/../../Frameworks",
				);
				MARKETING_VERSION = 1.0;
				PRODUCT_BUNDLE_IDENTIFIER = "co.almor.Mute-It.watchkitextension";
				PRODUCT_NAME = "${TARGET_NAME}";
				SDKROOT = watchos;
				SKIP_INSTALL = YES;
				SWIFT_EMIT_LOC_STRINGS = YES;
				SWIFT_VERSION = 5.0;
				TARGETED_DEVICE_FAMILY = 4;
				WATCHOS_DEPLOYMENT_TARGET = 8.0;
			};
			name = Release;
		};
		4704AE67272ADB830092A034 /* Debug */ = {
			isa = XCBuildConfiguration;
			buildSettings = {
				ALWAYS_EMBED_SWIFT_STANDARD_LIBRARIES = YES;
				ASSETCATALOG_COMPILER_APPICON_NAME = AppIcon;
				ASSETCATALOG_COMPILER_GLOBAL_ACCENT_COLOR_NAME = AccentColor;
				ASSETCATALOG_COMPILER_INCLUDE_ALL_APPICON_ASSETS = YES;
				CODE_SIGN_STYLE = Automatic;
				CURRENT_PROJECT_VERSION = 1;
				DEVELOPMENT_TEAM = ZNR2D834QB;
				GENERATE_INFOPLIST_FILE = YES;
				IBSC_MODULE = Mute_It_WatchKit_Extension;
				INFOPLIST_KEY_UISupportedInterfaceOrientations = "UIInterfaceOrientationPortrait UIInterfaceOrientationPortraitUpsideDown";
				MARKETING_VERSION = 1.0;
				PRODUCT_BUNDLE_IDENTIFIER = "co.almor.Mute-It.watchkitapp";
				PRODUCT_NAME = "Mute It";
				SDKROOT = watchos;
				SKIP_INSTALL = YES;
				SWIFT_EMIT_LOC_STRINGS = YES;
				SWIFT_VERSION = 5.0;
				TARGETED_DEVICE_FAMILY = 4;
				WATCHOS_DEPLOYMENT_TARGET = 8.0;
			};
			name = Debug;
		};
		4704AE68272ADB830092A034 /* Release */ = {
			isa = XCBuildConfiguration;
			buildSettings = {
				ALWAYS_EMBED_SWIFT_STANDARD_LIBRARIES = YES;
				ASSETCATALOG_COMPILER_APPICON_NAME = AppIcon;
				ASSETCATALOG_COMPILER_GLOBAL_ACCENT_COLOR_NAME = AccentColor;
				ASSETCATALOG_COMPILER_INCLUDE_ALL_APPICON_ASSETS = YES;
				CODE_SIGN_STYLE = Automatic;
				CURRENT_PROJECT_VERSION = 1;
				DEVELOPMENT_TEAM = ZNR2D834QB;
				GENERATE_INFOPLIST_FILE = YES;
				IBSC_MODULE = Mute_It_WatchKit_Extension;
				INFOPLIST_KEY_UISupportedInterfaceOrientations = "UIInterfaceOrientationPortrait UIInterfaceOrientationPortraitUpsideDown";
				MARKETING_VERSION = 1.0;
				PRODUCT_BUNDLE_IDENTIFIER = "co.almor.Mute-It.watchkitapp";
				PRODUCT_NAME = "Mute It";
				SDKROOT = watchos;
				SKIP_INSTALL = YES;
				SWIFT_EMIT_LOC_STRINGS = YES;
				SWIFT_VERSION = 5.0;
				TARGETED_DEVICE_FAMILY = 4;
				WATCHOS_DEPLOYMENT_TARGET = 8.0;
			};
			name = Release;
		};
		4704AE6B272ADB830092A034 /* Debug */ = {
			isa = XCBuildConfiguration;
			buildSettings = {
				CODE_SIGN_STYLE = Automatic;
				CURRENT_PROJECT_VERSION = 1;
				DEVELOPMENT_TEAM = ZNR2D834QB;
				MARKETING_VERSION = 1.0;
				PRODUCT_BUNDLE_IDENTIFIER = "co.almor.Mute-It";
				PRODUCT_NAME = "$(TARGET_NAME)";
				SWIFT_VERSION = 5.0;
			};
			name = Debug;
		};
		4704AE6C272ADB830092A034 /* Release */ = {
			isa = XCBuildConfiguration;
			buildSettings = {
				CODE_SIGN_STYLE = Automatic;
				CURRENT_PROJECT_VERSION = 1;
				DEVELOPMENT_TEAM = ZNR2D834QB;
				MARKETING_VERSION = 1.0;
				PRODUCT_BUNDLE_IDENTIFIER = "co.almor.Mute-It";
				PRODUCT_NAME = "$(TARGET_NAME)";
				SWIFT_VERSION = 5.0;
			};
			name = Release;
		};
/* End XCBuildConfiguration section */

/* Begin XCConfigurationList section */
		4704AE3D272ADB820092A034 /* Build configuration list for PBXProject "Mute It" */ = {
			isa = XCConfigurationList;
			buildConfigurations = (
				4704AE60272ADB830092A034 /* Debug */,
				4704AE61272ADB830092A034 /* Release */,
			);
			defaultConfigurationIsVisible = 0;
			defaultConfigurationName = Release;
		};
		4704AE62272ADB830092A034 /* Build configuration list for PBXNativeTarget "Mute It WatchKit Extension" */ = {
			isa = XCConfigurationList;
			buildConfigurations = (
				4704AE63272ADB830092A034 /* Debug */,
				4704AE64272ADB830092A034 /* Release */,
			);
			defaultConfigurationIsVisible = 0;
			defaultConfigurationName = Release;
		};
		4704AE66272ADB830092A034 /* Build configuration list for PBXNativeTarget "Mute It WatchKit App" */ = {
			isa = XCConfigurationList;
			buildConfigurations = (
				4704AE67272ADB830092A034 /* Debug */,
				4704AE68272ADB830092A034 /* Release */,
			);
			defaultConfigurationIsVisible = 0;
			defaultConfigurationName = Release;
		};
		4704AE6A272ADB830092A034 /* Build configuration list for PBXNativeTarget "Mute It" */ = {
			isa = XCConfigurationList;
			buildConfigurations = (
				4704AE6B272ADB830092A034 /* Debug */,
				4704AE6C272ADB830092A034 /* Release */,
			);
			defaultConfigurationIsVisible = 0;
			defaultConfigurationName = Release;
		};
/* End XCConfigurationList section */
	};
	rootObject = 4704AE3A272ADB820092A034 /* Project object */;
}
